// !$*UTF8*$!
{
	archiveVersion = 1;
	classes = {
	};
	objectVersion = 56;
	objects = {

/* Begin PBXBuildFile section */
		BF4C8E222BFE35900039467F /* Koulen-Regular.ttf in Resources */ = {isa = PBXBuildFile; fileRef = BF4C8E212BFE35900039467F /* Koulen-Regular.ttf */; };
		BF4C8E232BFE35900039467F /* Koulen-Regular.ttf in Resources */ = {isa = PBXBuildFile; fileRef = BF4C8E212BFE35900039467F /* Koulen-Regular.ttf */; };
		BF4C8E242BFE35900039467F /* Koulen-Regular.ttf in Resources */ = {isa = PBXBuildFile; fileRef = BF4C8E212BFE35900039467F /* Koulen-Regular.ttf */; };
		BF4C8E342BFF8FD00039467F /* Mask.usdz in Resources */ = {isa = PBXBuildFile; fileRef = BF4C8E252BFF8FCF0039467F /* Mask.usdz */; };
		BF4C8E352BFF8FD00039467F /* Mask.usdz in Resources */ = {isa = PBXBuildFile; fileRef = BF4C8E252BFF8FCF0039467F /* Mask.usdz */; };
		BF4C8E362BFF8FD00039467F /* Mask.usdz in Resources */ = {isa = PBXBuildFile; fileRef = BF4C8E252BFF8FCF0039467F /* Mask.usdz */; };
		BF4C8E372BFF8FD00039467F /* Lunchbox.usdz in Resources */ = {isa = PBXBuildFile; fileRef = BF4C8E262BFF8FCF0039467F /* Lunchbox.usdz */; };
		BF4C8E382BFF8FD00039467F /* Lunchbox.usdz in Resources */ = {isa = PBXBuildFile; fileRef = BF4C8E262BFF8FCF0039467F /* Lunchbox.usdz */; };
		BF4C8E392BFF8FD00039467F /* Lunchbox.usdz in Resources */ = {isa = PBXBuildFile; fileRef = BF4C8E262BFF8FCF0039467F /* Lunchbox.usdz */; };
		BF4C8E3D2BFF8FD00039467F /* Pen.usdz in Resources */ = {isa = PBXBuildFile; fileRef = BF4C8E282BFF8FCF0039467F /* Pen.usdz */; };
		BF4C8E3E2BFF8FD00039467F /* Pen.usdz in Resources */ = {isa = PBXBuildFile; fileRef = BF4C8E282BFF8FCF0039467F /* Pen.usdz */; };
		BF4C8E3F2BFF8FD00039467F /* Pen.usdz in Resources */ = {isa = PBXBuildFile; fileRef = BF4C8E282BFF8FCF0039467F /* Pen.usdz */; };
		BF4C8E402BFF8FD00039467F /* Stopwatch.usdz in Resources */ = {isa = PBXBuildFile; fileRef = BF4C8E292BFF8FCF0039467F /* Stopwatch.usdz */; };
		BF4C8E412BFF8FD00039467F /* Stopwatch.usdz in Resources */ = {isa = PBXBuildFile; fileRef = BF4C8E292BFF8FCF0039467F /* Stopwatch.usdz */; };
		BF4C8E422BFF8FD00039467F /* Stopwatch.usdz in Resources */ = {isa = PBXBuildFile; fileRef = BF4C8E292BFF8FCF0039467F /* Stopwatch.usdz */; };
		BF4C8E432BFF8FD00039467F /* Watch.usdz in Resources */ = {isa = PBXBuildFile; fileRef = BF4C8E2A2BFF8FCF0039467F /* Watch.usdz */; };
		BF4C8E442BFF8FD00039467F /* Watch.usdz in Resources */ = {isa = PBXBuildFile; fileRef = BF4C8E2A2BFF8FCF0039467F /* Watch.usdz */; };
		BF4C8E452BFF8FD00039467F /* Watch.usdz in Resources */ = {isa = PBXBuildFile; fileRef = BF4C8E2A2BFF8FCF0039467F /* Watch.usdz */; };
		BF4C8E492BFF8FD00039467F /* Whistle.usdz in Resources */ = {isa = PBXBuildFile; fileRef = BF4C8E2C2BFF8FCF0039467F /* Whistle.usdz */; };
		BF4C8E4A2BFF8FD00039467F /* Whistle.usdz in Resources */ = {isa = PBXBuildFile; fileRef = BF4C8E2C2BFF8FCF0039467F /* Whistle.usdz */; };
		BF4C8E4B2BFF8FD00039467F /* Whistle.usdz in Resources */ = {isa = PBXBuildFile; fileRef = BF4C8E2C2BFF8FCF0039467F /* Whistle.usdz */; };
		BF4C8E4C2BFF8FD00039467F /* Macbook.usdz in Resources */ = {isa = PBXBuildFile; fileRef = BF4C8E2D2BFF8FCF0039467F /* Macbook.usdz */; };
		BF4C8E4D2BFF8FD00039467F /* Macbook.usdz in Resources */ = {isa = PBXBuildFile; fileRef = BF4C8E2D2BFF8FCF0039467F /* Macbook.usdz */; };
		BF4C8E4E2BFF8FD00039467F /* Macbook.usdz in Resources */ = {isa = PBXBuildFile; fileRef = BF4C8E2D2BFF8FCF0039467F /* Macbook.usdz */; };
		BF4C8E4F2BFF8FD00039467F /* Bag.usdz in Resources */ = {isa = PBXBuildFile; fileRef = BF4C8E2E2BFF8FD00039467F /* Bag.usdz */; };
		BF4C8E502BFF8FD00039467F /* Bag.usdz in Resources */ = {isa = PBXBuildFile; fileRef = BF4C8E2E2BFF8FD00039467F /* Bag.usdz */; };
		BF4C8E512BFF8FD00039467F /* Bag.usdz in Resources */ = {isa = PBXBuildFile; fileRef = BF4C8E2E2BFF8FD00039467F /* Bag.usdz */; };
		BF4C8E522BFF8FD00039467F /* White Coat.usdz in Resources */ = {isa = PBXBuildFile; fileRef = BF4C8E2F2BFF8FD00039467F /* White Coat.usdz */; };
		BF4C8E532BFF8FD00039467F /* White Coat.usdz in Resources */ = {isa = PBXBuildFile; fileRef = BF4C8E2F2BFF8FD00039467F /* White Coat.usdz */; };
		BF4C8E542BFF8FD00039467F /* White Coat.usdz in Resources */ = {isa = PBXBuildFile; fileRef = BF4C8E2F2BFF8FD00039467F /* White Coat.usdz */; };
		BF4C8E552BFF8FD00039467F /* Scissor.usdz in Resources */ = {isa = PBXBuildFile; fileRef = BF4C8E302BFF8FD00039467F /* Scissor.usdz */; };
		BF4C8E562BFF8FD00039467F /* Scissor.usdz in Resources */ = {isa = PBXBuildFile; fileRef = BF4C8E302BFF8FD00039467F /* Scissor.usdz */; };
		BF4C8E572BFF8FD00039467F /* Scissor.usdz in Resources */ = {isa = PBXBuildFile; fileRef = BF4C8E302BFF8FD00039467F /* Scissor.usdz */; };
		BF4C8E582BFF8FD00039467F /* Glove.usdz in Resources */ = {isa = PBXBuildFile; fileRef = BF4C8E312BFF8FD00039467F /* Glove.usdz */; };
		BF4C8E592BFF8FD00039467F /* Glove.usdz in Resources */ = {isa = PBXBuildFile; fileRef = BF4C8E312BFF8FD00039467F /* Glove.usdz */; };
		BF4C8E5A2BFF8FD00039467F /* Glove.usdz in Resources */ = {isa = PBXBuildFile; fileRef = BF4C8E312BFF8FD00039467F /* Glove.usdz */; };
		BF4C8E5B2BFF8FD00039467F /* Notebook.usdz in Resources */ = {isa = PBXBuildFile; fileRef = BF4C8E322BFF8FD00039467F /* Notebook.usdz */; };
		BF4C8E5C2BFF8FD00039467F /* Notebook.usdz in Resources */ = {isa = PBXBuildFile; fileRef = BF4C8E322BFF8FD00039467F /* Notebook.usdz */; };
		BF4C8E5D2BFF8FD00039467F /* Notebook.usdz in Resources */ = {isa = PBXBuildFile; fileRef = BF4C8E322BFF8FD00039467F /* Notebook.usdz */; };
		BF4C8E5E2BFF8FD00039467F /* Hat.usdz in Resources */ = {isa = PBXBuildFile; fileRef = BF4C8E332BFF8FD00039467F /* Hat.usdz */; };
		BF4C8E5F2BFF8FD00039467F /* Hat.usdz in Resources */ = {isa = PBXBuildFile; fileRef = BF4C8E332BFF8FD00039467F /* Hat.usdz */; };
		BF4C8E602BFF8FD00039467F /* Hat.usdz in Resources */ = {isa = PBXBuildFile; fileRef = BF4C8E332BFF8FD00039467F /* Hat.usdz */; };
		BF4C8E622BFF919F0039467F /* iPhone.usdz in Resources */ = {isa = PBXBuildFile; fileRef = BF4C8E612BFF919F0039467F /* iPhone.usdz */; };
		BF4C8E632BFF919F0039467F /* iPhone.usdz in Resources */ = {isa = PBXBuildFile; fileRef = BF4C8E612BFF919F0039467F /* iPhone.usdz */; };
		BF4C8E642BFF919F0039467F /* iPhone.usdz in Resources */ = {isa = PBXBuildFile; fileRef = BF4C8E612BFF919F0039467F /* iPhone.usdz */; };
		BF4C8E8D2BFFA07E0039467F /* Lanyard.usdz in Resources */ = {isa = PBXBuildFile; fileRef = BF4C8E8C2BFFA07E0039467F /* Lanyard.usdz */; };
		BF4C8E912BFFA3BE0039467F /* SegmentedPicker in Frameworks */ = {isa = PBXBuildFile; productRef = BF4C8E902BFFA3BE0039467F /* SegmentedPicker */; };
		BF4C8E992BFFAB330039467F /* ItemFoundAlertView.swift in Sources */ = {isa = PBXBuildFile; fileRef = BF4C8E982BFFAB330039467F /* ItemFoundAlertView.swift */; };
		BF4C8E9D2C0061300039467F /* ProfileView.swift in Sources */ = {isa = PBXBuildFile; fileRef = BF4C8E9C2C0061300039467F /* ProfileView.swift */; };
		BF4C8E9F2C0068450039467F /* ProgressBar.swift in Sources */ = {isa = PBXBuildFile; fileRef = BF4C8E9E2C0068450039467F /* ProgressBar.swift */; };
		BF4C8EA12C0105330039467F /* sfxMarkerCircle.mp3 in Resources */ = {isa = PBXBuildFile; fileRef = BF4C8EA02C0105330039467F /* sfxMarkerCircle.mp3 */; };
		BF4C8EA32C0107D80039467F /* sfxBookmarkChange.mp3 in Resources */ = {isa = PBXBuildFile; fileRef = BF4C8EA22C0107D80039467F /* sfxBookmarkChange.mp3 */; };
		BF4C8EA72C010CD00039467F /* sfxGuessCorrect.mp3 in Resources */ = {isa = PBXBuildFile; fileRef = BF4C8EA52C010CD00039467F /* sfxGuessCorrect.mp3 */; };
		BF4C8EA92C0112940039467F /* sfxSplashScreen.mp3 in Resources */ = {isa = PBXBuildFile; fileRef = BF4C8EA82C0112930039467F /* sfxSplashScreen.mp3 */; };
		BF4C8EAB2C0119B50039467F /* sfxGuessIncorrect.mp3 in Resources */ = {isa = PBXBuildFile; fileRef = BF4C8EAA2C0119B50039467F /* sfxGuessIncorrect.mp3 */; };
		BF4C8EAD2C011C520039467F /* sfxClick3.mp3 in Resources */ = {isa = PBXBuildFile; fileRef = BF4C8EAC2C011C520039467F /* sfxClick3.mp3 */; };
		BF4C8EAF2C0122240039467F /* sfxLevelUp.mp3 in Resources */ = {isa = PBXBuildFile; fileRef = BF4C8EAE2C0122240039467F /* sfxLevelUp.mp3 */; };
		BF76F0A62BF4F57100F512F3 /* AppDelegate.swift in Sources */ = {isa = PBXBuildFile; fileRef = BF76F0A52BF4F57100F512F3 /* AppDelegate.swift */; };
		BF76F0AA2BF4F57200F512F3 /* Assets.xcassets in Resources */ = {isa = PBXBuildFile; fileRef = BF76F0A92BF4F57200F512F3 /* Assets.xcassets */; };
		BF76F0AD2BF4F57200F512F3 /* Preview Assets.xcassets in Resources */ = {isa = PBXBuildFile; fileRef = BF76F0AC2BF4F57200F512F3 /* Preview Assets.xcassets */; };
		BF76F0B72BF4F57200F512F3 /* FTGTests.swift in Sources */ = {isa = PBXBuildFile; fileRef = BF76F0B62BF4F57200F512F3 /* FTGTests.swift */; };
		BF76F0C12BF4F57200F512F3 /* FTGUITests.swift in Sources */ = {isa = PBXBuildFile; fileRef = BF76F0C02BF4F57200F512F3 /* FTGUITests.swift */; };
		BF76F0C32BF4F57200F512F3 /* FTGUITestsLaunchTests.swift in Sources */ = {isa = PBXBuildFile; fileRef = BF76F0C22BF4F57200F512F3 /* FTGUITestsLaunchTests.swift */; };
		BF76F1632BF61F9000F512F3 /* ARContentView.swift in Sources */ = {isa = PBXBuildFile; fileRef = BF76F1622BF61F9000F512F3 /* ARContentView.swift */; };
		BF76F1652BF61FAC00F512F3 /* ARView.swift in Sources */ = {isa = PBXBuildFile; fileRef = BF76F1642BF61FAC00F512F3 /* ARView.swift */; };
		BF76F1672BF61FEC00F512F3 /* ItemManager.swift in Sources */ = {isa = PBXBuildFile; fileRef = BF76F1662BF61FEC00F512F3 /* ItemManager.swift */; };
		BF76F16F2BF656CF00F512F3 /* InventoryView.swift in Sources */ = {isa = PBXBuildFile; fileRef = BF76F16E2BF656CF00F512F3 /* InventoryView.swift */; };
		BF76F1712BF6575300F512F3 /* InventoryItem.swift in Sources */ = {isa = PBXBuildFile; fileRef = BF76F1702BF6575300F512F3 /* InventoryItem.swift */; };
		BF76F1732BF657B800F512F3 /* ContentView.swift in Sources */ = {isa = PBXBuildFile; fileRef = BF76F1722BF657B800F512F3 /* ContentView.swift */; };
		BF76F1B82BF7052C00F512F3 /* FocusEntity in Frameworks */ = {isa = PBXBuildFile; productRef = BF76F1B72BF7052C00F512F3 /* FocusEntity */; };
		BF76F1BA2BF8C62700F512F3 /* SettingView.swift in Sources */ = {isa = PBXBuildFile; fileRef = BF76F1B92BF8C62700F512F3 /* SettingView.swift */; };
		BF76F1BE2BF8D35F00F512F3 /* AudioManager.swift in Sources */ = {isa = PBXBuildFile; fileRef = BF76F1BD2BF8D35F00F512F3 /* AudioManager.swift */; };
		BF76F1C12BF8D50D00F512F3 /* BGM.mp3 in Resources */ = {isa = PBXBuildFile; fileRef = BF76F1C02BF8D50D00F512F3 /* BGM.mp3 */; };
		BF76F1C32BF8D72600F512F3 /* sfxItemCollect.mp3 in Resources */ = {isa = PBXBuildFile; fileRef = BF76F1C22BF8D72600F512F3 /* sfxItemCollect.mp3 */; };
		BF76F1CA2BF91E8E00F512F3 /* JournalView.swift in Sources */ = {isa = PBXBuildFile; fileRef = BF76F1C92BF91E8E00F512F3 /* JournalView.swift */; };
		BF76F1CC2BF91EC400F512F3 /* GuessNowView.swift in Sources */ = {isa = PBXBuildFile; fileRef = BF76F1CB2BF91EC400F512F3 /* GuessNowView.swift */; };
		BF76F1D22BF9237D00F512F3 /* sfxClick.mp3 in Resources */ = {isa = PBXBuildFile; fileRef = BF76F1D12BF9237D00F512F3 /* sfxClick.mp3 */; };
		BF76F1DA2BFA5FFB00F512F3 /* GameEndView.swift in Sources */ = {isa = PBXBuildFile; fileRef = BF76F1D92BFA5FFB00F512F3 /* GameEndView.swift */; };
		BF76F1DC2BFA601F00F512F3 /* MainMenuView.swift in Sources */ = {isa = PBXBuildFile; fileRef = BF76F1DB2BFA601F00F512F3 /* MainMenuView.swift */; };
		BF76F1DE2BFA604200F512F3 /* HowToPlayView.swift in Sources */ = {isa = PBXBuildFile; fileRef = BF76F1DD2BFA604200F512F3 /* HowToPlayView.swift */; };
		BF76F1E02BFB35E600F512F3 /* BGM2.mp3 in Resources */ = {isa = PBXBuildFile; fileRef = BF76F1DF2BFB35E600F512F3 /* BGM2.mp3 */; };
		BF76F1E22BFB362700F512F3 /* sfxClick2.mp3 in Resources */ = {isa = PBXBuildFile; fileRef = BF76F1E12BFB362700F512F3 /* sfxClick2.mp3 */; };
		BFD4F8462BFCF69E004AF67B /* SplashScreen.swift in Sources */ = {isa = PBXBuildFile; fileRef = BFD4F8452BFCF69E004AF67B /* SplashScreen.swift */; };
/* End PBXBuildFile section */

/* Begin PBXContainerItemProxy section */
		BF76F0B32BF4F57200F512F3 /* PBXContainerItemProxy */ = {
			isa = PBXContainerItemProxy;
			containerPortal = BF76F09A2BF4F57100F512F3 /* Project object */;
			proxyType = 1;
			remoteGlobalIDString = BF76F0A12BF4F57100F512F3;
			remoteInfo = FTG;
		};
		BF76F0BD2BF4F57200F512F3 /* PBXContainerItemProxy */ = {
			isa = PBXContainerItemProxy;
			containerPortal = BF76F09A2BF4F57100F512F3 /* Project object */;
			proxyType = 1;
			remoteGlobalIDString = BF76F0A12BF4F57100F512F3;
			remoteInfo = FTG;
		};
/* End PBXContainerItemProxy section */

/* Begin PBXFileReference section */
		BF4C8E212BFE35900039467F /* Koulen-Regular.ttf */ = {isa = PBXFileReference; lastKnownFileType = file; path = "Koulen-Regular.ttf"; sourceTree = "<group>"; };
		BF4C8E252BFF8FCF0039467F /* Mask.usdz */ = {isa = PBXFileReference; lastKnownFileType = file.usdz; path = Mask.usdz; sourceTree = "<group>"; };
		BF4C8E262BFF8FCF0039467F /* Lunchbox.usdz */ = {isa = PBXFileReference; lastKnownFileType = file.usdz; path = Lunchbox.usdz; sourceTree = "<group>"; };
		BF4C8E282BFF8FCF0039467F /* Pen.usdz */ = {isa = PBXFileReference; lastKnownFileType = file.usdz; path = Pen.usdz; sourceTree = "<group>"; };
		BF4C8E292BFF8FCF0039467F /* Stopwatch.usdz */ = {isa = PBXFileReference; lastKnownFileType = file.usdz; path = Stopwatch.usdz; sourceTree = "<group>"; };
		BF4C8E2A2BFF8FCF0039467F /* Watch.usdz */ = {isa = PBXFileReference; lastKnownFileType = file.usdz; path = Watch.usdz; sourceTree = "<group>"; };
		BF4C8E2C2BFF8FCF0039467F /* Whistle.usdz */ = {isa = PBXFileReference; lastKnownFileType = file.usdz; path = Whistle.usdz; sourceTree = "<group>"; };
		BF4C8E2D2BFF8FCF0039467F /* Macbook.usdz */ = {isa = PBXFileReference; lastKnownFileType = file.usdz; path = Macbook.usdz; sourceTree = "<group>"; };
		BF4C8E2E2BFF8FD00039467F /* Bag.usdz */ = {isa = PBXFileReference; lastKnownFileType = file.usdz; path = Bag.usdz; sourceTree = "<group>"; };
		BF4C8E2F2BFF8FD00039467F /* White Coat.usdz */ = {isa = PBXFileReference; lastKnownFileType = file.usdz; path = "White Coat.usdz"; sourceTree = "<group>"; };
		BF4C8E302BFF8FD00039467F /* Scissor.usdz */ = {isa = PBXFileReference; lastKnownFileType = file.usdz; path = Scissor.usdz; sourceTree = "<group>"; };
		BF4C8E312BFF8FD00039467F /* Glove.usdz */ = {isa = PBXFileReference; lastKnownFileType = file.usdz; path = Glove.usdz; sourceTree = "<group>"; };
		BF4C8E322BFF8FD00039467F /* Notebook.usdz */ = {isa = PBXFileReference; lastKnownFileType = file.usdz; path = Notebook.usdz; sourceTree = "<group>"; };
		BF4C8E332BFF8FD00039467F /* Hat.usdz */ = {isa = PBXFileReference; lastKnownFileType = file.usdz; path = Hat.usdz; sourceTree = "<group>"; };
		BF4C8E612BFF919F0039467F /* iPhone.usdz */ = {isa = PBXFileReference; lastKnownFileType = file.usdz; path = iPhone.usdz; sourceTree = "<group>"; };
		BF4C8E8C2BFFA07E0039467F /* Lanyard.usdz */ = {isa = PBXFileReference; lastKnownFileType = file.usdz; path = Lanyard.usdz; sourceTree = "<group>"; };
		BF4C8E982BFFAB330039467F /* ItemFoundAlertView.swift */ = {isa = PBXFileReference; lastKnownFileType = sourcecode.swift; path = ItemFoundAlertView.swift; sourceTree = "<group>"; };
		BF4C8E9C2C0061300039467F /* ProfileView.swift */ = {isa = PBXFileReference; lastKnownFileType = sourcecode.swift; path = ProfileView.swift; sourceTree = "<group>"; };
		BF4C8E9E2C0068450039467F /* ProgressBar.swift */ = {isa = PBXFileReference; lastKnownFileType = sourcecode.swift; path = ProgressBar.swift; sourceTree = "<group>"; };
		BF4C8EA02C0105330039467F /* sfxMarkerCircle.mp3 */ = {isa = PBXFileReference; lastKnownFileType = audio.mp3; path = sfxMarkerCircle.mp3; sourceTree = "<group>"; };
		BF4C8EA22C0107D80039467F /* sfxBookmarkChange.mp3 */ = {isa = PBXFileReference; lastKnownFileType = audio.mp3; path = sfxBookmarkChange.mp3; sourceTree = "<group>"; };
		BF4C8EA52C010CD00039467F /* sfxGuessCorrect.mp3 */ = {isa = PBXFileReference; lastKnownFileType = audio.mp3; path = sfxGuessCorrect.mp3; sourceTree = "<group>"; };
		BF4C8EA82C0112930039467F /* sfxSplashScreen.mp3 */ = {isa = PBXFileReference; lastKnownFileType = audio.mp3; path = sfxSplashScreen.mp3; sourceTree = "<group>"; };
		BF4C8EAA2C0119B50039467F /* sfxGuessIncorrect.mp3 */ = {isa = PBXFileReference; lastKnownFileType = audio.mp3; path = sfxGuessIncorrect.mp3; sourceTree = "<group>"; };
		BF4C8EAC2C011C520039467F /* sfxClick3.mp3 */ = {isa = PBXFileReference; lastKnownFileType = audio.mp3; path = sfxClick3.mp3; sourceTree = "<group>"; };
		BF4C8EAE2C0122240039467F /* sfxLevelUp.mp3 */ = {isa = PBXFileReference; lastKnownFileType = audio.mp3; path = sfxLevelUp.mp3; sourceTree = "<group>"; };
		BF76F0A22BF4F57100F512F3 /* FTG.app */ = {isa = PBXFileReference; explicitFileType = wrapper.application; includeInIndex = 0; path = FTG.app; sourceTree = BUILT_PRODUCTS_DIR; };
		BF76F0A52BF4F57100F512F3 /* AppDelegate.swift */ = {isa = PBXFileReference; lastKnownFileType = sourcecode.swift; path = AppDelegate.swift; sourceTree = "<group>"; };
		BF76F0A92BF4F57200F512F3 /* Assets.xcassets */ = {isa = PBXFileReference; lastKnownFileType = folder.assetcatalog; path = Assets.xcassets; sourceTree = "<group>"; };
		BF76F0AC2BF4F57200F512F3 /* Preview Assets.xcassets */ = {isa = PBXFileReference; lastKnownFileType = folder.assetcatalog; path = "Preview Assets.xcassets"; sourceTree = "<group>"; };
		BF76F0B22BF4F57200F512F3 /* FTGTests.xctest */ = {isa = PBXFileReference; explicitFileType = wrapper.cfbundle; includeInIndex = 0; path = FTGTests.xctest; sourceTree = BUILT_PRODUCTS_DIR; };
		BF76F0B62BF4F57200F512F3 /* FTGTests.swift */ = {isa = PBXFileReference; lastKnownFileType = sourcecode.swift; path = FTGTests.swift; sourceTree = "<group>"; };
		BF76F0BC2BF4F57200F512F3 /* FTGUITests.xctest */ = {isa = PBXFileReference; explicitFileType = wrapper.cfbundle; includeInIndex = 0; path = FTGUITests.xctest; sourceTree = BUILT_PRODUCTS_DIR; };
		BF76F0C02BF4F57200F512F3 /* FTGUITests.swift */ = {isa = PBXFileReference; lastKnownFileType = sourcecode.swift; path = FTGUITests.swift; sourceTree = "<group>"; };
		BF76F0C22BF4F57200F512F3 /* FTGUITestsLaunchTests.swift */ = {isa = PBXFileReference; lastKnownFileType = sourcecode.swift; path = FTGUITestsLaunchTests.swift; sourceTree = "<group>"; };
		BF76F1622BF61F9000F512F3 /* ARContentView.swift */ = {isa = PBXFileReference; lastKnownFileType = sourcecode.swift; path = ARContentView.swift; sourceTree = "<group>"; };
		BF76F1642BF61FAC00F512F3 /* ARView.swift */ = {isa = PBXFileReference; lastKnownFileType = sourcecode.swift; path = ARView.swift; sourceTree = "<group>"; };
		BF76F1662BF61FEC00F512F3 /* ItemManager.swift */ = {isa = PBXFileReference; lastKnownFileType = sourcecode.swift; path = ItemManager.swift; sourceTree = "<group>"; };
		BF76F16E2BF656CF00F512F3 /* InventoryView.swift */ = {isa = PBXFileReference; lastKnownFileType = sourcecode.swift; path = InventoryView.swift; sourceTree = "<group>"; };
		BF76F1702BF6575300F512F3 /* InventoryItem.swift */ = {isa = PBXFileReference; lastKnownFileType = sourcecode.swift; path = InventoryItem.swift; sourceTree = "<group>"; };
		BF76F1722BF657B800F512F3 /* ContentView.swift */ = {isa = PBXFileReference; lastKnownFileType = sourcecode.swift; path = ContentView.swift; sourceTree = "<group>"; };
		BF76F1B92BF8C62700F512F3 /* SettingView.swift */ = {isa = PBXFileReference; lastKnownFileType = sourcecode.swift; path = SettingView.swift; sourceTree = "<group>"; };
		BF76F1BD2BF8D35F00F512F3 /* AudioManager.swift */ = {isa = PBXFileReference; lastKnownFileType = sourcecode.swift; path = AudioManager.swift; sourceTree = "<group>"; };
		BF76F1C02BF8D50D00F512F3 /* BGM.mp3 */ = {isa = PBXFileReference; lastKnownFileType = audio.mp3; path = BGM.mp3; sourceTree = "<group>"; };
		BF76F1C22BF8D72600F512F3 /* sfxItemCollect.mp3 */ = {isa = PBXFileReference; lastKnownFileType = audio.mp3; path = sfxItemCollect.mp3; sourceTree = "<group>"; };
		BF76F1C92BF91E8E00F512F3 /* JournalView.swift */ = {isa = PBXFileReference; lastKnownFileType = sourcecode.swift; path = JournalView.swift; sourceTree = "<group>"; };
		BF76F1CB2BF91EC400F512F3 /* GuessNowView.swift */ = {isa = PBXFileReference; lastKnownFileType = sourcecode.swift; path = GuessNowView.swift; sourceTree = "<group>"; };
		BF76F1D12BF9237D00F512F3 /* sfxClick.mp3 */ = {isa = PBXFileReference; lastKnownFileType = audio.mp3; path = sfxClick.mp3; sourceTree = "<group>"; };
		BF76F1D92BFA5FFB00F512F3 /* GameEndView.swift */ = {isa = PBXFileReference; lastKnownFileType = sourcecode.swift; path = GameEndView.swift; sourceTree = "<group>"; };
		BF76F1DB2BFA601F00F512F3 /* MainMenuView.swift */ = {isa = PBXFileReference; lastKnownFileType = sourcecode.swift; path = MainMenuView.swift; sourceTree = "<group>"; };
		BF76F1DD2BFA604200F512F3 /* HowToPlayView.swift */ = {isa = PBXFileReference; lastKnownFileType = sourcecode.swift; path = HowToPlayView.swift; sourceTree = "<group>"; };
		BF76F1DF2BFB35E600F512F3 /* BGM2.mp3 */ = {isa = PBXFileReference; lastKnownFileType = audio.mp3; path = BGM2.mp3; sourceTree = "<group>"; };
		BF76F1E12BFB362700F512F3 /* sfxClick2.mp3 */ = {isa = PBXFileReference; lastKnownFileType = audio.mp3; path = sfxClick2.mp3; sourceTree = "<group>"; };
		BFD4F8452BFCF69E004AF67B /* SplashScreen.swift */ = {isa = PBXFileReference; lastKnownFileType = sourcecode.swift; path = SplashScreen.swift; sourceTree = "<group>"; };
/* End PBXFileReference section */

/* Begin PBXFrameworksBuildPhase section */
		BF76F09F2BF4F57100F512F3 /* Frameworks */ = {
			isa = PBXFrameworksBuildPhase;
			buildActionMask = 2147483647;
			files = (
				BF76F1B82BF7052C00F512F3 /* FocusEntity in Frameworks */,
				BF4C8E912BFFA3BE0039467F /* SegmentedPicker in Frameworks */,
			);
			runOnlyForDeploymentPostprocessing = 0;
		};
		BF76F0AF2BF4F57200F512F3 /* Frameworks */ = {
			isa = PBXFrameworksBuildPhase;
			buildActionMask = 2147483647;
			files = (
			);
			runOnlyForDeploymentPostprocessing = 0;
		};
		BF76F0B92BF4F57200F512F3 /* Frameworks */ = {
			isa = PBXFrameworksBuildPhase;
			buildActionMask = 2147483647;
			files = (
			);
			runOnlyForDeploymentPostprocessing = 0;
		};
/* End PBXFrameworksBuildPhase section */

/* Begin PBXGroup section */
		BF4C8E1E2BFE23B10039467F /* Font */ = {
			isa = PBXGroup;
			children = (
				BF4C8E212BFE35900039467F /* Koulen-Regular.ttf */,
			);
			path = Font;
			sourceTree = "<group>";
		};
		BF76F0992BF4F57100F512F3 = {
			isa = PBXGroup;
			children = (
				BF76F0A42BF4F57100F512F3 /* FTG */,
				BF76F0B52BF4F57200F512F3 /* FTGTests */,
				BF76F0BF2BF4F57200F512F3 /* FTGUITests */,
				BF76F0A32BF4F57100F512F3 /* Products */,
			);
			sourceTree = "<group>";
		};
		BF76F0A32BF4F57100F512F3 /* Products */ = {
			isa = PBXGroup;
			children = (
				BF76F0A22BF4F57100F512F3 /* FTG.app */,
				BF76F0B22BF4F57200F512F3 /* FTGTests.xctest */,
				BF76F0BC2BF4F57200F512F3 /* FTGUITests.xctest */,
			);
			name = Products;
			sourceTree = "<group>";
		};
		BF76F0A42BF4F57100F512F3 /* FTG */ = {
			isa = PBXGroup;
			children = (
				BF76F0A52BF4F57100F512F3 /* AppDelegate.swift */,
				BF4C8E1E2BFE23B10039467F /* Font */,
				BF76F1BF2BF8D4EA00F512F3 /* BGM */,
				BF76F1772BF65C0700F512F3 /* Model */,
				BF76F1C42BF8D7C000F512F3 /* Audio */,
				BF76F1742BF65BAE00F512F3 /* ARThings */,
				BF76F1762BF65BF900F512F3 /* View */,
				BF76F1752BF65BC900F512F3 /* Container */,
				BF76F0A92BF4F57200F512F3 /* Assets.xcassets */,
				BF76F0AB2BF4F57200F512F3 /* Preview Content */,
			);
			path = FTG;
			sourceTree = "<group>";
		};
		BF76F0AB2BF4F57200F512F3 /* Preview Content */ = {
			isa = PBXGroup;
			children = (
				BF76F0AC2BF4F57200F512F3 /* Preview Assets.xcassets */,
			);
			path = "Preview Content";
			sourceTree = "<group>";
		};
		BF76F0B52BF4F57200F512F3 /* FTGTests */ = {
			isa = PBXGroup;
			children = (
				BF76F0B62BF4F57200F512F3 /* FTGTests.swift */,
			);
			path = FTGTests;
			sourceTree = "<group>";
		};
		BF76F0BF2BF4F57200F512F3 /* FTGUITests */ = {
			isa = PBXGroup;
			children = (
				BF76F0C02BF4F57200F512F3 /* FTGUITests.swift */,
				BF76F0C22BF4F57200F512F3 /* FTGUITestsLaunchTests.swift */,
			);
			path = FTGUITests;
			sourceTree = "<group>";
		};
		BF76F1742BF65BAE00F512F3 /* ARThings */ = {
			isa = PBXGroup;
			children = (
				BF76F1642BF61FAC00F512F3 /* ARView.swift */,
				BF76F1622BF61F9000F512F3 /* ARContentView.swift */,
			);
			path = ARThings;
			sourceTree = "<group>";
		};
		BF76F1752BF65BC900F512F3 /* Container */ = {
			isa = PBXGroup;
			children = (
				BF76F1702BF6575300F512F3 /* InventoryItem.swift */,
				BF76F1662BF61FEC00F512F3 /* ItemManager.swift */,
			);
			path = Container;
			sourceTree = "<group>";
		};
		BF76F1762BF65BF900F512F3 /* View */ = {
			isa = PBXGroup;
			children = (
				BF76F1722BF657B800F512F3 /* ContentView.swift */,
				BFD4F8452BFCF69E004AF67B /* SplashScreen.swift */,
				BF76F1DB2BFA601F00F512F3 /* MainMenuView.swift */,
				BF76F1C92BF91E8E00F512F3 /* JournalView.swift */,
				BF76F1CB2BF91EC400F512F3 /* GuessNowView.swift */,
				BF76F1B92BF8C62700F512F3 /* SettingView.swift */,
				BF76F16E2BF656CF00F512F3 /* InventoryView.swift */,
				BF76F1D92BFA5FFB00F512F3 /* GameEndView.swift */,
				BF76F1DD2BFA604200F512F3 /* HowToPlayView.swift */,
				BF4C8E982BFFAB330039467F /* ItemFoundAlertView.swift */,
				BF4C8E9C2C0061300039467F /* ProfileView.swift */,
				BF4C8E9E2C0068450039467F /* ProgressBar.swift */,
			);
			path = View;
			sourceTree = "<group>";
		};
		BF76F1772BF65C0700F512F3 /* Model */ = {
			isa = PBXGroup;
			children = (
				BF4C8E2E2BFF8FD00039467F /* Bag.usdz */,
				BF4C8E2D2BFF8FCF0039467F /* Macbook.usdz */,
				BF4C8E322BFF8FD00039467F /* Notebook.usdz */,
				BF4C8E612BFF919F0039467F /* iPhone.usdz */,
				BF4C8E8C2BFFA07E0039467F /* Lanyard.usdz */,
				BF4C8E2A2BFF8FCF0039467F /* Watch.usdz */,
				BF4C8E292BFF8FCF0039467F /* Stopwatch.usdz */,
				BF4C8E282BFF8FCF0039467F /* Pen.usdz */,
				BF4C8E302BFF8FD00039467F /* Scissor.usdz */,
				BF4C8E2F2BFF8FD00039467F /* White Coat.usdz */,
				BF4C8E252BFF8FCF0039467F /* Mask.usdz */,
				BF4C8E312BFF8FD00039467F /* Glove.usdz */,
				BF4C8E262BFF8FCF0039467F /* Lunchbox.usdz */,
				BF4C8E332BFF8FD00039467F /* Hat.usdz */,
				BF4C8E2C2BFF8FCF0039467F /* Whistle.usdz */,
			);
			path = Model;
			sourceTree = "<group>";
		};
		BF76F1BF2BF8D4EA00F512F3 /* BGM */ = {
			isa = PBXGroup;
			children = (
				BF76F1C02BF8D50D00F512F3 /* BGM.mp3 */,
				BF76F1DF2BFB35E600F512F3 /* BGM2.mp3 */,
				BF76F1C22BF8D72600F512F3 /* sfxItemCollect.mp3 */,
				BF76F1D12BF9237D00F512F3 /* sfxClick.mp3 */,
				BF76F1E12BFB362700F512F3 /* sfxClick2.mp3 */,
				BF4C8EAC2C011C520039467F /* sfxClick3.mp3 */,
				BF4C8EA02C0105330039467F /* sfxMarkerCircle.mp3 */,
				BF4C8EA22C0107D80039467F /* sfxBookmarkChange.mp3 */,
				BF4C8EA52C010CD00039467F /* sfxGuessCorrect.mp3 */,
				BF4C8EAA2C0119B50039467F /* sfxGuessIncorrect.mp3 */,
				BF4C8EA82C0112930039467F /* sfxSplashScreen.mp3 */,
				BF4C8EAE2C0122240039467F /* sfxLevelUp.mp3 */,
			);
			path = BGM;
			sourceTree = "<group>";
		};
		BF76F1C42BF8D7C000F512F3 /* Audio */ = {
			isa = PBXGroup;
			children = (
				BF76F1BD2BF8D35F00F512F3 /* AudioManager.swift */,
			);
			path = Audio;
			sourceTree = "<group>";
		};
/* End PBXGroup section */

/* Begin PBXNativeTarget section */
		BF76F0A12BF4F57100F512F3 /* FTG */ = {
			isa = PBXNativeTarget;
			buildConfigurationList = BF76F0C62BF4F57200F512F3 /* Build configuration list for PBXNativeTarget "FTG" */;
			buildPhases = (
				BF76F09E2BF4F57100F512F3 /* Sources */,
				BF76F09F2BF4F57100F512F3 /* Frameworks */,
				BF76F0A02BF4F57100F512F3 /* Resources */,
			);
			buildRules = (
			);
			dependencies = (
			);
			name = FTG;
			packageProductDependencies = (
				BF76F1B72BF7052C00F512F3 /* FocusEntity */,
				BF4C8E902BFFA3BE0039467F /* SegmentedPicker */,
			);
			productName = FTG;
			productReference = BF76F0A22BF4F57100F512F3 /* FTG.app */;
			productType = "com.apple.product-type.application";
		};
		BF76F0B12BF4F57200F512F3 /* FTGTests */ = {
			isa = PBXNativeTarget;
			buildConfigurationList = BF76F0C92BF4F57200F512F3 /* Build configuration list for PBXNativeTarget "FTGTests" */;
			buildPhases = (
				BF76F0AE2BF4F57200F512F3 /* Sources */,
				BF76F0AF2BF4F57200F512F3 /* Frameworks */,
				BF76F0B02BF4F57200F512F3 /* Resources */,
			);
			buildRules = (
			);
			dependencies = (
				BF76F0B42BF4F57200F512F3 /* PBXTargetDependency */,
			);
			name = FTGTests;
			productName = FTGTests;
			productReference = BF76F0B22BF4F57200F512F3 /* FTGTests.xctest */;
			productType = "com.apple.product-type.bundle.unit-test";
		};
		BF76F0BB2BF4F57200F512F3 /* FTGUITests */ = {
			isa = PBXNativeTarget;
			buildConfigurationList = BF76F0CC2BF4F57200F512F3 /* Build configuration list for PBXNativeTarget "FTGUITests" */;
			buildPhases = (
				BF76F0B82BF4F57200F512F3 /* Sources */,
				BF76F0B92BF4F57200F512F3 /* Frameworks */,
				BF76F0BA2BF4F57200F512F3 /* Resources */,
			);
			buildRules = (
			);
			dependencies = (
				BF76F0BE2BF4F57200F512F3 /* PBXTargetDependency */,
			);
			name = FTGUITests;
			productName = FTGUITests;
			productReference = BF76F0BC2BF4F57200F512F3 /* FTGUITests.xctest */;
			productType = "com.apple.product-type.bundle.ui-testing";
		};
/* End PBXNativeTarget section */

/* Begin PBXProject section */
		BF76F09A2BF4F57100F512F3 /* Project object */ = {
			isa = PBXProject;
			attributes = {
				BuildIndependentTargetsInParallel = 1;
				LastSwiftUpdateCheck = 1530;
				LastUpgradeCheck = 1530;
				TargetAttributes = {
					BF76F0A12BF4F57100F512F3 = {
						CreatedOnToolsVersion = 15.3;
					};
					BF76F0B12BF4F57200F512F3 = {
						CreatedOnToolsVersion = 15.3;
						TestTargetID = BF76F0A12BF4F57100F512F3;
					};
					BF76F0BB2BF4F57200F512F3 = {
						CreatedOnToolsVersion = 15.3;
						TestTargetID = BF76F0A12BF4F57100F512F3;
					};
				};
			};
			buildConfigurationList = BF76F09D2BF4F57100F512F3 /* Build configuration list for PBXProject "FTG" */;
			compatibilityVersion = "Xcode 14.0";
			developmentRegion = en;
			hasScannedForEncodings = 0;
			knownRegions = (
				en,
				Base,
			);
			mainGroup = BF76F0992BF4F57100F512F3;
			packageReferences = (
				BF76F1B62BF7052C00F512F3 /* XCRemoteSwiftPackageReference "FocusEntity" */,
				BF4C8E8F2BFFA3BE0039467F /* XCRemoteSwiftPackageReference "SwiftySegmentedPicker" */,
			);
			productRefGroup = BF76F0A32BF4F57100F512F3 /* Products */;
			projectDirPath = "";
			projectRoot = "";
			targets = (
				BF76F0A12BF4F57100F512F3 /* FTG */,
				BF76F0B12BF4F57200F512F3 /* FTGTests */,
				BF76F0BB2BF4F57200F512F3 /* FTGUITests */,
			);
		};
/* End PBXProject section */

/* Begin PBXResourcesBuildPhase section */
		BF76F0A02BF4F57100F512F3 /* Resources */ = {
			isa = PBXResourcesBuildPhase;
			buildActionMask = 2147483647;
			files = (
				BF4C8EAF2C0122240039467F /* sfxLevelUp.mp3 in Resources */,
				BF76F1E22BFB362700F512F3 /* sfxClick2.mp3 in Resources */,
				BF76F1C32BF8D72600F512F3 /* sfxItemCollect.mp3 in Resources */,
				BF4C8EA72C010CD00039467F /* sfxGuessCorrect.mp3 in Resources */,
				BF76F1C12BF8D50D00F512F3 /* BGM.mp3 in Resources */,
				BF4C8E492BFF8FD00039467F /* Whistle.usdz in Resources */,
				BF4C8E552BFF8FD00039467F /* Scissor.usdz in Resources */,
				BF4C8E582BFF8FD00039467F /* Glove.usdz in Resources */,
				BF4C8EA12C0105330039467F /* sfxMarkerCircle.mp3 in Resources */,
				BF4C8EAB2C0119B50039467F /* sfxGuessIncorrect.mp3 in Resources */,
				BF4C8EA32C0107D80039467F /* sfxBookmarkChange.mp3 in Resources */,
				BF4C8E402BFF8FD00039467F /* Stopwatch.usdz in Resources */,
				BF4C8E342BFF8FD00039467F /* Mask.usdz in Resources */,
				BF4C8E432BFF8FD00039467F /* Watch.usdz in Resources */,
				BF4C8EAD2C011C520039467F /* sfxClick3.mp3 in Resources */,
				BF4C8E222BFE35900039467F /* Koulen-Regular.ttf in Resources */,
				BF4C8E5E2BFF8FD00039467F /* Hat.usdz in Resources */,
				BF4C8E372BFF8FD00039467F /* Lunchbox.usdz in Resources */,
				BF4C8E3D2BFF8FD00039467F /* Pen.usdz in Resources */,
				BF76F1E02BFB35E600F512F3 /* BGM2.mp3 in Resources */,
				BF76F0AD2BF4F57200F512F3 /* Preview Assets.xcassets in Resources */,
				BF4C8E4C2BFF8FD00039467F /* Macbook.usdz in Resources */,
				BF4C8E522BFF8FD00039467F /* White Coat.usdz in Resources */,
				BF4C8EA92C0112940039467F /* sfxSplashScreen.mp3 in Resources */,
				BF4C8E5B2BFF8FD00039467F /* Notebook.usdz in Resources */,
				BF4C8E8D2BFFA07E0039467F /* Lanyard.usdz in Resources */,
				BF76F1D22BF9237D00F512F3 /* sfxClick.mp3 in Resources */,
				BF4C8E4F2BFF8FD00039467F /* Bag.usdz in Resources */,
				BF4C8E622BFF919F0039467F /* iPhone.usdz in Resources */,
				BF76F0AA2BF4F57200F512F3 /* Assets.xcassets in Resources */,
			);
			runOnlyForDeploymentPostprocessing = 0;
		};
		BF76F0B02BF4F57200F512F3 /* Resources */ = {
			isa = PBXResourcesBuildPhase;
			buildActionMask = 2147483647;
			files = (
				BF4C8E562BFF8FD00039467F /* Scissor.usdz in Resources */,
				BF4C8E3E2BFF8FD00039467F /* Pen.usdz in Resources */,
				BF4C8E632BFF919F0039467F /* iPhone.usdz in Resources */,
				BF4C8E382BFF8FD00039467F /* Lunchbox.usdz in Resources */,
				BF4C8E232BFE35900039467F /* Koulen-Regular.ttf in Resources */,
				BF4C8E502BFF8FD00039467F /* Bag.usdz in Resources */,
				BF4C8E4D2BFF8FD00039467F /* Macbook.usdz in Resources */,
				BF4C8E442BFF8FD00039467F /* Watch.usdz in Resources */,
				BF4C8E532BFF8FD00039467F /* White Coat.usdz in Resources */,
				BF4C8E592BFF8FD00039467F /* Glove.usdz in Resources */,
				BF4C8E352BFF8FD00039467F /* Mask.usdz in Resources */,
				BF4C8E4A2BFF8FD00039467F /* Whistle.usdz in Resources */,
				BF4C8E5C2BFF8FD00039467F /* Notebook.usdz in Resources */,
				BF4C8E5F2BFF8FD00039467F /* Hat.usdz in Resources */,
				BF4C8E412BFF8FD00039467F /* Stopwatch.usdz in Resources */,
			);
			runOnlyForDeploymentPostprocessing = 0;
		};
		BF76F0BA2BF4F57200F512F3 /* Resources */ = {
			isa = PBXResourcesBuildPhase;
			buildActionMask = 2147483647;
			files = (
				BF4C8E572BFF8FD00039467F /* Scissor.usdz in Resources */,
				BF4C8E3F2BFF8FD00039467F /* Pen.usdz in Resources */,
				BF4C8E642BFF919F0039467F /* iPhone.usdz in Resources */,
				BF4C8E392BFF8FD00039467F /* Lunchbox.usdz in Resources */,
				BF4C8E242BFE35900039467F /* Koulen-Regular.ttf in Resources */,
				BF4C8E512BFF8FD00039467F /* Bag.usdz in Resources */,
				BF4C8E4E2BFF8FD00039467F /* Macbook.usdz in Resources */,
				BF4C8E452BFF8FD00039467F /* Watch.usdz in Resources */,
				BF4C8E542BFF8FD00039467F /* White Coat.usdz in Resources */,
				BF4C8E5A2BFF8FD00039467F /* Glove.usdz in Resources */,
				BF4C8E362BFF8FD00039467F /* Mask.usdz in Resources */,
				BF4C8E4B2BFF8FD00039467F /* Whistle.usdz in Resources */,
				BF4C8E5D2BFF8FD00039467F /* Notebook.usdz in Resources */,
				BF4C8E602BFF8FD00039467F /* Hat.usdz in Resources */,
				BF4C8E422BFF8FD00039467F /* Stopwatch.usdz in Resources */,
			);
			runOnlyForDeploymentPostprocessing = 0;
		};
/* End PBXResourcesBuildPhase section */

/* Begin PBXSourcesBuildPhase section */
		BF76F09E2BF4F57100F512F3 /* Sources */ = {
			isa = PBXSourcesBuildPhase;
			buildActionMask = 2147483647;
			files = (
				BFD4F8462BFCF69E004AF67B /* SplashScreen.swift in Sources */,
				BF4C8E992BFFAB330039467F /* ItemFoundAlertView.swift in Sources */,
				BF76F1632BF61F9000F512F3 /* ARContentView.swift in Sources */,
				BF76F1672BF61FEC00F512F3 /* ItemManager.swift in Sources */,
				BF4C8E9F2C0068450039467F /* ProgressBar.swift in Sources */,
				BF76F1732BF657B800F512F3 /* ContentView.swift in Sources */,
				BF76F1712BF6575300F512F3 /* InventoryItem.swift in Sources */,
				BF76F1652BF61FAC00F512F3 /* ARView.swift in Sources */,
				BF76F1BA2BF8C62700F512F3 /* SettingView.swift in Sources */,
				BF76F1DE2BFA604200F512F3 /* HowToPlayView.swift in Sources */,
				BF4C8E9D2C0061300039467F /* ProfileView.swift in Sources */,
				BF76F1CA2BF91E8E00F512F3 /* JournalView.swift in Sources */,
				BF76F1BE2BF8D35F00F512F3 /* AudioManager.swift in Sources */,
				BF76F1DC2BFA601F00F512F3 /* MainMenuView.swift in Sources */,
				BF76F16F2BF656CF00F512F3 /* InventoryView.swift in Sources */,
				BF76F1CC2BF91EC400F512F3 /* GuessNowView.swift in Sources */,
				BF76F0A62BF4F57100F512F3 /* AppDelegate.swift in Sources */,
				BF76F1DA2BFA5FFB00F512F3 /* GameEndView.swift in Sources */,
			);
			runOnlyForDeploymentPostprocessing = 0;
		};
		BF76F0AE2BF4F57200F512F3 /* Sources */ = {
			isa = PBXSourcesBuildPhase;
			buildActionMask = 2147483647;
			files = (
				BF76F0B72BF4F57200F512F3 /* FTGTests.swift in Sources */,
			);
			runOnlyForDeploymentPostprocessing = 0;
		};
		BF76F0B82BF4F57200F512F3 /* Sources */ = {
			isa = PBXSourcesBuildPhase;
			buildActionMask = 2147483647;
			files = (
				BF76F0C32BF4F57200F512F3 /* FTGUITestsLaunchTests.swift in Sources */,
				BF76F0C12BF4F57200F512F3 /* FTGUITests.swift in Sources */,
			);
			runOnlyForDeploymentPostprocessing = 0;
		};
/* End PBXSourcesBuildPhase section */

/* Begin PBXTargetDependency section */
		BF76F0B42BF4F57200F512F3 /* PBXTargetDependency */ = {
			isa = PBXTargetDependency;
			target = BF76F0A12BF4F57100F512F3 /* FTG */;
			targetProxy = BF76F0B32BF4F57200F512F3 /* PBXContainerItemProxy */;
		};
		BF76F0BE2BF4F57200F512F3 /* PBXTargetDependency */ = {
			isa = PBXTargetDependency;
			target = BF76F0A12BF4F57100F512F3 /* FTG */;
			targetProxy = BF76F0BD2BF4F57200F512F3 /* PBXContainerItemProxy */;
		};
/* End PBXTargetDependency section */

/* Begin XCBuildConfiguration section */
		BF76F0C42BF4F57200F512F3 /* Debug */ = {
			isa = XCBuildConfiguration;
			buildSettings = {
				ALWAYS_SEARCH_USER_PATHS = NO;
				ASSETCATALOG_COMPILER_GENERATE_SWIFT_ASSET_SYMBOL_EXTENSIONS = YES;
				CLANG_ANALYZER_NONNULL = YES;
				CLANG_ANALYZER_NUMBER_OBJECT_CONVERSION = YES_AGGRESSIVE;
				CLANG_CXX_LANGUAGE_STANDARD = "gnu++20";
				CLANG_ENABLE_MODULES = YES;
				CLANG_ENABLE_OBJC_ARC = YES;
				CLANG_ENABLE_OBJC_WEAK = YES;
				CLANG_WARN_BLOCK_CAPTURE_AUTORELEASING = YES;
				CLANG_WARN_BOOL_CONVERSION = YES;
				CLANG_WARN_COMMA = YES;
				CLANG_WARN_CONSTANT_CONVERSION = YES;
				CLANG_WARN_DEPRECATED_OBJC_IMPLEMENTATIONS = YES;
				CLANG_WARN_DIRECT_OBJC_ISA_USAGE = YES_ERROR;
				CLANG_WARN_DOCUMENTATION_COMMENTS = YES;
				CLANG_WARN_EMPTY_BODY = YES;
				CLANG_WARN_ENUM_CONVERSION = YES;
				CLANG_WARN_INFINITE_RECURSION = YES;
				CLANG_WARN_INT_CONVERSION = YES;
				CLANG_WARN_NON_LITERAL_NULL_CONVERSION = YES;
				CLANG_WARN_OBJC_IMPLICIT_RETAIN_SELF = YES;
				CLANG_WARN_OBJC_LITERAL_CONVERSION = YES;
				CLANG_WARN_OBJC_ROOT_CLASS = YES_ERROR;
				CLANG_WARN_QUOTED_INCLUDE_IN_FRAMEWORK_HEADER = YES;
				CLANG_WARN_RANGE_LOOP_ANALYSIS = YES;
				CLANG_WARN_STRICT_PROTOTYPES = YES;
				CLANG_WARN_SUSPICIOUS_MOVE = YES;
				CLANG_WARN_UNGUARDED_AVAILABILITY = YES_AGGRESSIVE;
				CLANG_WARN_UNREACHABLE_CODE = YES;
				CLANG_WARN__DUPLICATE_METHOD_MATCH = YES;
				COPY_PHASE_STRIP = NO;
				DEBUG_INFORMATION_FORMAT = dwarf;
				ENABLE_STRICT_OBJC_MSGSEND = YES;
				ENABLE_TESTABILITY = YES;
				ENABLE_USER_SCRIPT_SANDBOXING = YES;
				GCC_C_LANGUAGE_STANDARD = gnu17;
				GCC_DYNAMIC_NO_PIC = NO;
				GCC_NO_COMMON_BLOCKS = YES;
				GCC_OPTIMIZATION_LEVEL = 0;
				GCC_PREPROCESSOR_DEFINITIONS = (
					"DEBUG=1",
					"$(inherited)",
				);
				GCC_WARN_64_TO_32_BIT_CONVERSION = YES;
				GCC_WARN_ABOUT_RETURN_TYPE = YES_ERROR;
				GCC_WARN_UNDECLARED_SELECTOR = YES;
				GCC_WARN_UNINITIALIZED_AUTOS = YES_AGGRESSIVE;
				GCC_WARN_UNUSED_FUNCTION = YES;
				GCC_WARN_UNUSED_VARIABLE = YES;
				IPHONEOS_DEPLOYMENT_TARGET = 17.4;
				LOCALIZATION_PREFERS_STRING_CATALOGS = YES;
				MTL_ENABLE_DEBUG_INFO = INCLUDE_SOURCE;
				MTL_FAST_MATH = YES;
				ONLY_ACTIVE_ARCH = YES;
				SDKROOT = iphoneos;
				SWIFT_ACTIVE_COMPILATION_CONDITIONS = "DEBUG $(inherited)";
				SWIFT_OPTIMIZATION_LEVEL = "-Onone";
			};
			name = Debug;
		};
		BF76F0C52BF4F57200F512F3 /* Release */ = {
			isa = XCBuildConfiguration;
			buildSettings = {
				ALWAYS_SEARCH_USER_PATHS = NO;
				ASSETCATALOG_COMPILER_GENERATE_SWIFT_ASSET_SYMBOL_EXTENSIONS = YES;
				CLANG_ANALYZER_NONNULL = YES;
				CLANG_ANALYZER_NUMBER_OBJECT_CONVERSION = YES_AGGRESSIVE;
				CLANG_CXX_LANGUAGE_STANDARD = "gnu++20";
				CLANG_ENABLE_MODULES = YES;
				CLANG_ENABLE_OBJC_ARC = YES;
				CLANG_ENABLE_OBJC_WEAK = YES;
				CLANG_WARN_BLOCK_CAPTURE_AUTORELEASING = YES;
				CLANG_WARN_BOOL_CONVERSION = YES;
				CLANG_WARN_COMMA = YES;
				CLANG_WARN_CONSTANT_CONVERSION = YES;
				CLANG_WARN_DEPRECATED_OBJC_IMPLEMENTATIONS = YES;
				CLANG_WARN_DIRECT_OBJC_ISA_USAGE = YES_ERROR;
				CLANG_WARN_DOCUMENTATION_COMMENTS = YES;
				CLANG_WARN_EMPTY_BODY = YES;
				CLANG_WARN_ENUM_CONVERSION = YES;
				CLANG_WARN_INFINITE_RECURSION = YES;
				CLANG_WARN_INT_CONVERSION = YES;
				CLANG_WARN_NON_LITERAL_NULL_CONVERSION = YES;
				CLANG_WARN_OBJC_IMPLICIT_RETAIN_SELF = YES;
				CLANG_WARN_OBJC_LITERAL_CONVERSION = YES;
				CLANG_WARN_OBJC_ROOT_CLASS = YES_ERROR;
				CLANG_WARN_QUOTED_INCLUDE_IN_FRAMEWORK_HEADER = YES;
				CLANG_WARN_RANGE_LOOP_ANALYSIS = YES;
				CLANG_WARN_STRICT_PROTOTYPES = YES;
				CLANG_WARN_SUSPICIOUS_MOVE = YES;
				CLANG_WARN_UNGUARDED_AVAILABILITY = YES_AGGRESSIVE;
				CLANG_WARN_UNREACHABLE_CODE = YES;
				CLANG_WARN__DUPLICATE_METHOD_MATCH = YES;
				COPY_PHASE_STRIP = NO;
				DEBUG_INFORMATION_FORMAT = "dwarf-with-dsym";
				ENABLE_NS_ASSERTIONS = NO;
				ENABLE_STRICT_OBJC_MSGSEND = YES;
				ENABLE_USER_SCRIPT_SANDBOXING = YES;
				GCC_C_LANGUAGE_STANDARD = gnu17;
				GCC_NO_COMMON_BLOCKS = YES;
				GCC_WARN_64_TO_32_BIT_CONVERSION = YES;
				GCC_WARN_ABOUT_RETURN_TYPE = YES_ERROR;
				GCC_WARN_UNDECLARED_SELECTOR = YES;
				GCC_WARN_UNINITIALIZED_AUTOS = YES_AGGRESSIVE;
				GCC_WARN_UNUSED_FUNCTION = YES;
				GCC_WARN_UNUSED_VARIABLE = YES;
				IPHONEOS_DEPLOYMENT_TARGET = 17.4;
				LOCALIZATION_PREFERS_STRING_CATALOGS = YES;
				MTL_ENABLE_DEBUG_INFO = NO;
				MTL_FAST_MATH = YES;
				SDKROOT = iphoneos;
				SWIFT_COMPILATION_MODE = wholemodule;
				VALIDATE_PRODUCT = YES;
			};
			name = Release;
		};
		BF76F0C72BF4F57200F512F3 /* Debug */ = {
			isa = XCBuildConfiguration;
			buildSettings = {
				ASSETCATALOG_COMPILER_APPICON_NAME = AppIcon;
				ASSETCATALOG_COMPILER_GLOBAL_ACCENT_COLOR_NAME = AccentColor;
				CODE_SIGN_STYLE = Automatic;
				CURRENT_PROJECT_VERSION = 1;
				DEVELOPMENT_ASSET_PATHS = "\"FTG/Preview Content\"";
				DEVELOPMENT_TEAM = M45X2698V4;
				ENABLE_PREVIEWS = YES;
				GENERATE_INFOPLIST_FILE = YES;
				INFOPLIST_FILE = FTG/Info.plist;
				INFOPLIST_KEY_LSApplicationCategoryType = "public.app-category.games";
				INFOPLIST_KEY_NSCameraUsageDescription = "";
				INFOPLIST_KEY_UIApplicationSupportsIndirectInputEvents = YES;
				INFOPLIST_KEY_UILaunchScreen_Generation = YES;
				INFOPLIST_KEY_UILaunchStoryboardName = "Launch Screen.storyboard";
				INFOPLIST_KEY_UIRequiredDeviceCapabilities = arkit;
				INFOPLIST_KEY_UIStatusBarHidden = YES;
				INFOPLIST_KEY_UIStatusBarStyle = "";
				INFOPLIST_KEY_UISupportedInterfaceOrientations_iPad = "UIInterfaceOrientationPortrait UIInterfaceOrientationPortraitUpsideDown UIInterfaceOrientationLandscapeLeft UIInterfaceOrientationLandscapeRight";
				INFOPLIST_KEY_UISupportedInterfaceOrientations_iPhone = "UIInterfaceOrientationPortrait UIInterfaceOrientationLandscapeLeft UIInterfaceOrientationLandscapeRight";
				LD_RUNPATH_SEARCH_PATHS = (
					"$(inherited)",
					"@executable_path/Frameworks",
				);
				MARKETING_VERSION = 1.0;
				PRODUCT_BUNDLE_IDENTIFIER = Appledev.FTG;
				PRODUCT_NAME = "$(TARGET_NAME)";
				SWIFT_EMIT_LOC_STRINGS = YES;
				SWIFT_VERSION = 5.0;
				TARGETED_DEVICE_FAMILY = "1,2";
			};
			name = Debug;
		};
		BF76F0C82BF4F57200F512F3 /* Release */ = {
			isa = XCBuildConfiguration;
			buildSettings = {
				ASSETCATALOG_COMPILER_APPICON_NAME = AppIcon;
				ASSETCATALOG_COMPILER_GLOBAL_ACCENT_COLOR_NAME = AccentColor;
				CODE_SIGN_STYLE = Automatic;
				CURRENT_PROJECT_VERSION = 1;
				DEVELOPMENT_ASSET_PATHS = "\"FTG/Preview Content\"";
				DEVELOPMENT_TEAM = M45X2698V4;
				ENABLE_PREVIEWS = YES;
				GENERATE_INFOPLIST_FILE = YES;
				INFOPLIST_FILE = FTG/Info.plist;
				INFOPLIST_KEY_LSApplicationCategoryType = "public.app-category.games";
				INFOPLIST_KEY_NSCameraUsageDescription = "";
				INFOPLIST_KEY_UIApplicationSupportsIndirectInputEvents = YES;
				INFOPLIST_KEY_UILaunchScreen_Generation = YES;
				INFOPLIST_KEY_UILaunchStoryboardName = "Launch Screen.storyboard";
				INFOPLIST_KEY_UIRequiredDeviceCapabilities = arkit;
				INFOPLIST_KEY_UIStatusBarHidden = YES;
				INFOPLIST_KEY_UIStatusBarStyle = "";
				INFOPLIST_KEY_UISupportedInterfaceOrientations_iPad = "UIInterfaceOrientationPortrait UIInterfaceOrientationPortraitUpsideDown UIInterfaceOrientationLandscapeLeft UIInterfaceOrientationLandscapeRight";
				INFOPLIST_KEY_UISupportedInterfaceOrientations_iPhone = "UIInterfaceOrientationPortrait UIInterfaceOrientationLandscapeLeft UIInterfaceOrientationLandscapeRight";
				LD_RUNPATH_SEARCH_PATHS = (
					"$(inherited)",
					"@executable_path/Frameworks",
				);
				MARKETING_VERSION = 1.0;
				PRODUCT_BUNDLE_IDENTIFIER = Appledev.FTG;
				PRODUCT_NAME = "$(TARGET_NAME)";
				SWIFT_EMIT_LOC_STRINGS = YES;
				SWIFT_VERSION = 5.0;
				TARGETED_DEVICE_FAMILY = "1,2";
			};
			name = Release;
		};
		BF76F0CA2BF4F57200F512F3 /* Debug */ = {
			isa = XCBuildConfiguration;
			buildSettings = {
				ALWAYS_EMBED_SWIFT_STANDARD_LIBRARIES = YES;
				BUNDLE_LOADER = "$(TEST_HOST)";
				"CODE_SIGN_IDENTITY[sdk=macosx*]" = "Apple Development";
				CODE_SIGN_STYLE = Automatic;
				CURRENT_PROJECT_VERSION = 1;
				DEVELOPMENT_TEAM = M45X2698V4;
				GENERATE_INFOPLIST_FILE = YES;
				IPHONEOS_DEPLOYMENT_TARGET = 17.4;
				MARKETING_VERSION = 1.0;
				PRODUCT_BUNDLE_IDENTIFIER = Appledev.FTGTests;
				PRODUCT_NAME = "$(TARGET_NAME)";
				SWIFT_EMIT_LOC_STRINGS = NO;
				SWIFT_VERSION = 5.0;
				TARGETED_DEVICE_FAMILY = "1,2";
				TEST_HOST = "$(BUILT_PRODUCTS_DIR)/FTG.app/$(BUNDLE_EXECUTABLE_FOLDER_PATH)/FTG";
			};
			name = Debug;
		};
		BF76F0CB2BF4F57200F512F3 /* Release */ = {
			isa = XCBuildConfiguration;
			buildSettings = {
				ALWAYS_EMBED_SWIFT_STANDARD_LIBRARIES = YES;
				BUNDLE_LOADER = "$(TEST_HOST)";
				"CODE_SIGN_IDENTITY[sdk=macosx*]" = "Apple Development";
				CODE_SIGN_STYLE = Automatic;
				CURRENT_PROJECT_VERSION = 1;
				DEVELOPMENT_TEAM = M45X2698V4;
				GENERATE_INFOPLIST_FILE = YES;
				IPHONEOS_DEPLOYMENT_TARGET = 17.4;
				MARKETING_VERSION = 1.0;
				PRODUCT_BUNDLE_IDENTIFIER = Appledev.FTGTests;
				PRODUCT_NAME = "$(TARGET_NAME)";
				SWIFT_EMIT_LOC_STRINGS = NO;
				SWIFT_VERSION = 5.0;
				TARGETED_DEVICE_FAMILY = "1,2";
				TEST_HOST = "$(BUILT_PRODUCTS_DIR)/FTG.app/$(BUNDLE_EXECUTABLE_FOLDER_PATH)/FTG";
			};
			name = Release;
		};
		BF76F0CD2BF4F57200F512F3 /* Debug */ = {
			isa = XCBuildConfiguration;
			buildSettings = {
				ALWAYS_EMBED_SWIFT_STANDARD_LIBRARIES = YES;
				CODE_SIGN_STYLE = Automatic;
				CURRENT_PROJECT_VERSION = 1;
				DEVELOPMENT_TEAM = M45X2698V4;
				GENERATE_INFOPLIST_FILE = YES;
				MARKETING_VERSION = 1.0;
				PRODUCT_BUNDLE_IDENTIFIER = Appledev.FTGUITests;
				PRODUCT_NAME = "$(TARGET_NAME)";
				SWIFT_EMIT_LOC_STRINGS = NO;
				SWIFT_VERSION = 5.0;
				TARGETED_DEVICE_FAMILY = "1,2";
				TEST_TARGET_NAME = FTG;
			};
			name = Debug;
		};
		BF76F0CE2BF4F57200F512F3 /* Release */ = {
			isa = XCBuildConfiguration;
			buildSettings = {
				ALWAYS_EMBED_SWIFT_STANDARD_LIBRARIES = YES;
				CODE_SIGN_STYLE = Automatic;
				CURRENT_PROJECT_VERSION = 1;
				DEVELOPMENT_TEAM = M45X2698V4;
				GENERATE_INFOPLIST_FILE = YES;
				MARKETING_VERSION = 1.0;
				PRODUCT_BUNDLE_IDENTIFIER = Appledev.FTGUITests;
				PRODUCT_NAME = "$(TARGET_NAME)";
				SWIFT_EMIT_LOC_STRINGS = NO;
				SWIFT_VERSION = 5.0;
				TARGETED_DEVICE_FAMILY = "1,2";
				TEST_TARGET_NAME = FTG;
			};
			name = Release;
		};
/* End XCBuildConfiguration section */

/* Begin XCConfigurationList section */
		BF76F09D2BF4F57100F512F3 /* Build configuration list for PBXProject "FTG" */ = {
			isa = XCConfigurationList;
			buildConfigurations = (
				BF76F0C42BF4F57200F512F3 /* Debug */,
				BF76F0C52BF4F57200F512F3 /* Release */,
			);
			defaultConfigurationIsVisible = 0;
			defaultConfigurationName = Release;
		};
		BF76F0C62BF4F57200F512F3 /* Build configuration list for PBXNativeTarget "FTG" */ = {
			isa = XCConfigurationList;
			buildConfigurations = (
				BF76F0C72BF4F57200F512F3 /* Debug */,
				BF76F0C82BF4F57200F512F3 /* Release */,
			);
			defaultConfigurationIsVisible = 0;
			defaultConfigurationName = Release;
		};
		BF76F0C92BF4F57200F512F3 /* Build configuration list for PBXNativeTarget "FTGTests" */ = {
			isa = XCConfigurationList;
			buildConfigurations = (
				BF76F0CA2BF4F57200F512F3 /* Debug */,
				BF76F0CB2BF4F57200F512F3 /* Release */,
			);
			defaultConfigurationIsVisible = 0;
			defaultConfigurationName = Release;
		};
		BF76F0CC2BF4F57200F512F3 /* Build configuration list for PBXNativeTarget "FTGUITests" */ = {
			isa = XCConfigurationList;
			buildConfigurations = (
				BF76F0CD2BF4F57200F512F3 /* Debug */,
				BF76F0CE2BF4F57200F512F3 /* Release */,
			);
			defaultConfigurationIsVisible = 0;
			defaultConfigurationName = Release;
		};
/* End XCConfigurationList section */

/* Begin XCRemoteSwiftPackageReference section */
		BF4C8E8F2BFFA3BE0039467F /* XCRemoteSwiftPackageReference "SwiftySegmentedPicker" */ = {
			isa = XCRemoteSwiftPackageReference;
			repositoryURL = "https://github.com/KazaiMazai/SwiftySegmentedPicker.git";
			requirement = {
				kind = upToNextMajorVersion;
				minimumVersion = 0.0.2;
			};
		};
		BF76F1B62BF7052C00F512F3 /* XCRemoteSwiftPackageReference "FocusEntity" */ = {
			isa = XCRemoteSwiftPackageReference;
			repositoryURL = "https://github.com/maxxfrazer/FocusEntity";
			requirement = {
				kind = upToNextMajorVersion;
				minimumVersion = 2.5.1;
			};
		};
/* End XCRemoteSwiftPackageReference section */

/* Begin XCSwiftPackageProductDependency section */
		BF4C8E902BFFA3BE0039467F /* SegmentedPicker */ = {
			isa = XCSwiftPackageProductDependency;
			package = BF4C8E8F2BFFA3BE0039467F /* XCRemoteSwiftPackageReference "SwiftySegmentedPicker" */;
			productName = SegmentedPicker;
		};
		BF76F1B72BF7052C00F512F3 /* FocusEntity */ = {
			isa = XCSwiftPackageProductDependency;
			package = BF76F1B62BF7052C00F512F3 /* XCRemoteSwiftPackageReference "FocusEntity" */;
			productName = FocusEntity;
		};
/* End XCSwiftPackageProductDependency section */
	};
	rootObject = BF76F09A2BF4F57100F512F3 /* Project object */;
}
